// !$*UTF8*$!
{
	archiveVersion = 1;
	classes = {
	};
	objectVersion = 77;
	objects = {

/* Begin PBXBuildFile section */
		CF54AF522D8BE055004E251D /* AppDelegate.swift in Sources */ = {isa = PBXBuildFile; fileRef = CF54AF4A2D8BE055004E251D /* AppDelegate.swift */; };
		CF54AF532D8BE055004E251D /* SceneDelegate.swift in Sources */ = {isa = PBXBuildFile; fileRef = CF54AF4F2D8BE055004E251D /* SceneDelegate.swift */; };
		CF54AF542D8BE055004E251D /* JokesController.swift in Sources */ = {isa = PBXBuildFile; fileRef = CF54AF502D8BE055004E251D /* JokesController.swift */; };
		CF54AF552D8BE055004E251D /* Assets.xcassets in Resources */ = {isa = PBXBuildFile; fileRef = CF54AF4B2D8BE055004E251D /* Assets.xcassets */; };
		CF54AF572D8BE055004E251D /* LaunchScreen.storyboard in Resources */ = {isa = PBXBuildFile; fileRef = CF54AF4E2D8BE055004E251D /* LaunchScreen.storyboard */; };
		CF54AF5A2D8BE095004E251D /* SwiftyJSON in Frameworks */ = {isa = PBXBuildFile; productRef = CF54AF592D8BE095004E251D /* SwiftyJSON */; };
		CF54AF5E2D8BE22E004E251D /* jokes.json in Resources */ = {isa = PBXBuildFile; fileRef = CF54AF5D2D8BE22E004E251D /* jokes.json */; };
		CF54AF602D8BE246004E251D /* JokesView.swift in Sources */ = {isa = PBXBuildFile; fileRef = CF54AF5F2D8BE246004E251D /* JokesView.swift */; };
		CF54AF622D8BE303004E251D /* JokesViewModel.swift in Sources */ = {isa = PBXBuildFile; fileRef = CF54AF612D8BE303004E251D /* JokesViewModel.swift */; };
		CF54AF652D8BE353004E251D /* Joke.swift in Sources */ = {isa = PBXBuildFile; fileRef = CF54AF642D8BE353004E251D /* Joke.swift */; };
		CF54AF6A2D8BE431004E251D /* JokesTableViewDataSource.swift in Sources */ = {isa = PBXBuildFile; fileRef = CF54AF692D8BE431004E251D /* JokesTableViewDataSource.swift */; };
		CF54AF6C2D8BE469004E251D /* JokeCell.swift in Sources */ = {isa = PBXBuildFile; fileRef = CF54AF6B2D8BE469004E251D /* JokeCell.swift */; };
		CF54AF702D8BE4DA004E251D /* RatingView.swift in Sources */ = {isa = PBXBuildFile; fileRef = CF54AF6F2D8BE4DA004E251D /* RatingView.swift */; };
/* End PBXBuildFile section */

/* Begin PBXFileReference section */
		CF54AF322D8BE004004E251D /* JSONParcingTest.app */ = {isa = PBXFileReference; explicitFileType = wrapper.application; includeInIndex = 0; path = JSONParcingTest.app; sourceTree = BUILT_PRODUCTS_DIR; };
		CF54AF4A2D8BE055004E251D /* AppDelegate.swift */ = {isa = PBXFileReference; lastKnownFileType = sourcecode.swift; path = AppDelegate.swift; sourceTree = "<group>"; };
		CF54AF4B2D8BE055004E251D /* Assets.xcassets */ = {isa = PBXFileReference; lastKnownFileType = folder.assetcatalog; path = Assets.xcassets; sourceTree = "<group>"; };
		CF54AF4C2D8BE055004E251D /* Info.plist */ = {isa = PBXFileReference; lastKnownFileType = text.plist.xml; path = Info.plist; sourceTree = "<group>"; };
		CF54AF4D2D8BE055004E251D /* Base */ = {isa = PBXFileReference; lastKnownFileType = file.storyboard; name = Base; path = Base.lproj/LaunchScreen.storyboard; sourceTree = "<group>"; };
		CF54AF4F2D8BE055004E251D /* SceneDelegate.swift */ = {isa = PBXFileReference; lastKnownFileType = sourcecode.swift; path = SceneDelegate.swift; sourceTree = "<group>"; };
		CF54AF502D8BE055004E251D /* JokesController.swift */ = {isa = PBXFileReference; lastKnownFileType = sourcecode.swift; path = JokesController.swift; sourceTree = "<group>"; };
		CF54AF5D2D8BE22E004E251D /* jokes.json */ = {isa = PBXFileReference; lastKnownFileType = text.json; path = jokes.json; sourceTree = "<group>"; };
		CF54AF5F2D8BE246004E251D /* JokesView.swift */ = {isa = PBXFileReference; lastKnownFileType = sourcecode.swift; path = JokesView.swift; sourceTree = "<group>"; };
		CF54AF612D8BE303004E251D /* JokesViewModel.swift */ = {isa = PBXFileReference; lastKnownFileType = sourcecode.swift; path = JokesViewModel.swift; sourceTree = "<group>"; };
		CF54AF642D8BE353004E251D /* Joke.swift */ = {isa = PBXFileReference; lastKnownFileType = sourcecode.swift; path = Joke.swift; sourceTree = "<group>"; };
		CF54AF692D8BE431004E251D /* JokesTableViewDataSource.swift */ = {isa = PBXFileReference; lastKnownFileType = sourcecode.swift; path = JokesTableViewDataSource.swift; sourceTree = "<group>"; };
		CF54AF6B2D8BE469004E251D /* JokeCell.swift */ = {isa = PBXFileReference; lastKnownFileType = sourcecode.swift; path = JokeCell.swift; sourceTree = "<group>"; };
		CF54AF6F2D8BE4DA004E251D /* RatingView.swift */ = {isa = PBXFileReference; lastKnownFileType = sourcecode.swift; path = RatingView.swift; sourceTree = "<group>"; };
/* End PBXFileReference section */

/* Begin PBXFrameworksBuildPhase section */
		CF54AF2F2D8BE004004E251D /* Frameworks */ = {
			isa = PBXFrameworksBuildPhase;
			buildActionMask = 2147483647;
			files = (
				CF54AF5A2D8BE095004E251D /* SwiftyJSON in Frameworks */,
			);
			runOnlyForDeploymentPostprocessing = 0;
		};
/* End PBXFrameworksBuildPhase section */

/* Begin PBXGroup section */
		CF54AF292D8BE004004E251D = {
			isa = PBXGroup;
			children = (
				CF54AF512D8BE055004E251D /* JSONParcingTest */,
				CF54AF332D8BE004004E251D /* Products */,
			);
			sourceTree = "<group>";
		};
		CF54AF332D8BE004004E251D /* Products */ = {
			isa = PBXGroup;
			children = (
				CF54AF322D8BE004004E251D /* JSONParcingTest.app */,
			);
			name = Products;
			sourceTree = "<group>";
		};
		CF54AF512D8BE055004E251D /* JSONParcingTest */ = {
			isa = PBXGroup;
			children = (
				CF54AF4A2D8BE055004E251D /* AppDelegate.swift */,
				CF54AF4B2D8BE055004E251D /* Assets.xcassets */,
				CF54AF4C2D8BE055004E251D /* Info.plist */,
				CF54AF4E2D8BE055004E251D /* LaunchScreen.storyboard */,
				CF54AF4F2D8BE055004E251D /* SceneDelegate.swift */,
				CF54AF5B2D8BE09C004E251D /* JokesScreen */,
				CF54AF632D8BE34C004E251D /* Model */,
				CF54AF5C2D8BE21F004E251D /* Resources */,
			);
			path = JSONParcingTest;
			sourceTree = "<group>";
		};
		CF54AF5B2D8BE09C004E251D /* JokesScreen */ = {
			isa = PBXGroup;
			children = (
				CF54AF502D8BE055004E251D /* JokesController.swift */,
				CF54AF5F2D8BE246004E251D /* JokesView.swift */,
				CF54AF612D8BE303004E251D /* JokesViewModel.swift */,
				CF54AF6E2D8BE4CA004E251D /* CustomViews */,
				CF54AF662D8BE418004E251D /* TableViewData */,
			);
			path = JokesScreen;
			sourceTree = "<group>";
		};
		CF54AF5C2D8BE21F004E251D /* Resources */ = {
			isa = PBXGroup;
			children = (
				CF54AF5D2D8BE22E004E251D /* jokes.json */,
			);
			path = Resources;
			sourceTree = "<group>";
		};
		CF54AF632D8BE34C004E251D /* Model */ = {
			isa = PBXGroup;
			children = (
				CF54AF642D8BE353004E251D /* Joke.swift */,
			);
			path = Model;
			sourceTree = "<group>";
		};
		CF54AF662D8BE418004E251D /* TableViewData */ = {
			isa = PBXGroup;
			children = (
				CF54AF692D8BE431004E251D /* JokesTableViewDataSource.swift */,
				CF54AF6B2D8BE469004E251D /* JokeCell.swift */,
			);
			path = TableViewData;
			sourceTree = "<group>";
		};
		CF54AF6E2D8BE4CA004E251D /* CustomViews */ = {
			isa = PBXGroup;
			children = (
				CF54AF6F2D8BE4DA004E251D /* RatingView.swift */,
			);
			path = CustomViews;
			sourceTree = "<group>";
		};
/* End PBXGroup section */

/* Begin PBXNativeTarget section */
		CF54AF312D8BE004004E251D /* JSONParcingTest */ = {
			isa = PBXNativeTarget;
			buildConfigurationList = CF54AF452D8BE007004E251D /* Build configuration list for PBXNativeTarget "JSONParcingTest" */;
			buildPhases = (
				CF54AF2E2D8BE004004E251D /* Sources */,
				CF54AF2F2D8BE004004E251D /* Frameworks */,
				CF54AF302D8BE004004E251D /* Resources */,
			);
			buildRules = (
			);
			dependencies = (
			);
			name = JSONParcingTest;
			packageProductDependencies = (
				CF54AF592D8BE095004E251D /* SwiftyJSON */,
			);
			productName = JSONParcingTest;
			productReference = CF54AF322D8BE004004E251D /* JSONParcingTest.app */;
			productType = "com.apple.product-type.application";
		};
/* End PBXNativeTarget section */

/* Begin PBXProject section */
		CF54AF2A2D8BE004004E251D /* Project object */ = {
			isa = PBXProject;
			attributes = {
				BuildIndependentTargetsInParallel = 1;
				LastSwiftUpdateCheck = 1620;
				LastUpgradeCheck = 1620;
				TargetAttributes = {
					CF54AF312D8BE004004E251D = {
						CreatedOnToolsVersion = 16.2;
					};
				};
			};
			buildConfigurationList = CF54AF2D2D8BE004004E251D /* Build configuration list for PBXProject "JSONParcingTest" */;
			developmentRegion = en;
			hasScannedForEncodings = 0;
			knownRegions = (
				en,
				Base,
			);
			mainGroup = CF54AF292D8BE004004E251D;
			minimizedProjectReferenceProxies = 1;
			packageReferences = (
				CF54AF582D8BE095004E251D /* XCRemoteSwiftPackageReference "SwiftyJSON" */,
			);
			preferredProjectObjectVersion = 77;
			productRefGroup = CF54AF332D8BE004004E251D /* Products */;
			projectDirPath = "";
			projectRoot = "";
			targets = (
				CF54AF312D8BE004004E251D /* JSONParcingTest */,
			);
		};
/* End PBXProject section */

/* Begin PBXResourcesBuildPhase section */
		CF54AF302D8BE004004E251D /* Resources */ = {
			isa = PBXResourcesBuildPhase;
			buildActionMask = 2147483647;
			files = (
				CF54AF5E2D8BE22E004E251D /* jokes.json in Resources */,
				CF54AF552D8BE055004E251D /* Assets.xcassets in Resources */,
				CF54AF572D8BE055004E251D /* LaunchScreen.storyboard in Resources */,
			);
			runOnlyForDeploymentPostprocessing = 0;
		};
/* End PBXResourcesBuildPhase section */

/* Begin PBXSourcesBuildPhase section */
		CF54AF2E2D8BE004004E251D /* Sources */ = {
			isa = PBXSourcesBuildPhase;
			buildActionMask = 2147483647;
			files = (
				CF54AF522D8BE055004E251D /* AppDelegate.swift in Sources */,
				CF54AF602D8BE246004E251D /* JokesView.swift in Sources */,
				CF54AF6C2D8BE469004E251D /* JokeCell.swift in Sources */,
				CF54AF702D8BE4DA004E251D /* RatingView.swift in Sources */,
				CF54AF652D8BE353004E251D /* Joke.swift in Sources */,
				CF54AF6A2D8BE431004E251D /* JokesTableViewDataSource.swift in Sources */,
				CF54AF532D8BE055004E251D /* SceneDelegate.swift in Sources */,
				CF54AF542D8BE055004E251D /* JokesController.swift in Sources */,
				CF54AF622D8BE303004E251D /* JokesViewModel.swift in Sources */,
			);
			runOnlyForDeploymentPostprocessing = 0;
		};
/* End PBXSourcesBuildPhase section */

/* Begin PBXVariantGroup section */
		CF54AF4E2D8BE055004E251D /* LaunchScreen.storyboard */ = {
			isa = PBXVariantGroup;
			children = (
				CF54AF4D2D8BE055004E251D /* Base */,
			);
			name = LaunchScreen.storyboard;
			sourceTree = "<group>";
		};
/* End PBXVariantGroup section */

/* Begin XCBuildConfiguration section */
		CF54AF462D8BE007004E251D /* Debug */ = {
			isa = XCBuildConfiguration;
			buildSettings = {
				ASSETCATALOG_COMPILER_APPICON_NAME = AppIcon;
				ASSETCATALOG_COMPILER_GLOBAL_ACCENT_COLOR_NAME = AccentColor;
				CODE_SIGN_STYLE = Automatic;
				CURRENT_PROJECT_VERSION = 1;
				GENERATE_INFOPLIST_FILE = YES;
				INFOPLIST_FILE = JSONParcingTest/Info.plist;
				INFOPLIST_KEY_UIApplicationSupportsIndirectInputEvents = YES;
				INFOPLIST_KEY_UILaunchStoryboardName = LaunchScreen;
				INFOPLIST_KEY_UISupportedInterfaceOrientations_iPad = "UIInterfaceOrientationPortrait UIInterfaceOrientationPortraitUpsideDown UIInterfaceOrientationLandscapeLeft UIInterfaceOrientationLandscapeRight";
				INFOPLIST_KEY_UISupportedInterfaceOrientations_iPhone = "UIInterfaceOrientationPortrait UIInterfaceOrientationLandscapeLeft UIInterfaceOrientationLandscapeRight";
				LD_RUNPATH_SEARCH_PATHS = (
					"$(inherited)",
					"@executable_path/Frameworks",
				);
				MARKETING_VERSION = 1.0;
				PRODUCT_BUNDLE_IDENTIFIER = ru.yandex.JSONParcingTest;
				PRODUCT_NAME = "$(TARGET_NAME)";
				SWIFT_EMIT_LOC_STRINGS = YES;
				SWIFT_VERSION = 5.0;
				TARGETED_DEVICE_FAMILY = "1,2";
			};
			name = Debug;
		};
		CF54AF472D8BE007004E251D /* Release */ = {
			isa = XCBuildConfiguration;
			buildSettings = {
				ASSETCATALOG_COMPILER_APPICON_NAME = AppIcon;
				ASSETCATALOG_COMPILER_GLOBAL_ACCENT_COLOR_NAME = AccentColor;
				CODE_SIGN_STYLE = Automatic;
				CURRENT_PROJECT_VERSION = 1;
				GENERATE_INFOPLIST_FILE = YES;
				INFOPLIST_FILE = JSONParcingTest/Info.plist;
				INFOPLIST_KEY_UIApplicationSupportsIndirectInputEvents = YES;
				INFOPLIST_KEY_UILaunchStoryboardName = LaunchScreen;
				INFOPLIST_KEY_UISupportedInterfaceOrientations_iPad = "UIInterfaceOrientationPortrait UIInterfaceOrientationPortraitUpsideDown UIInterfaceOrientationLandscapeLeft UIInterfaceOrientationLandscapeRight";
				INFOPLIST_KEY_UISupportedInterfaceOrientations_iPhone = "UIInterfaceOrientationPortrait UIInterfaceOrientationLandscapeLeft UIInterfaceOrientationLandscapeRight";
				LD_RUNPATH_SEARCH_PATHS = (
					"$(inherited)",
					"@executable_path/Frameworks",
				);
				MARKETING_VERSION = 1.0;
				PRODUCT_BUNDLE_IDENTIFIER = ru.yandex.JSONParcingTest;
				PRODUCT_NAME = "$(TARGET_NAME)";
				SWIFT_EMIT_LOC_STRINGS = YES;
				SWIFT_VERSION = 5.0;
				TARGETED_DEVICE_FAMILY = "1,2";
			};
			name = Release;
		};
		CF54AF482D8BE007004E251D /* Debug */ = {
			isa = XCBuildConfiguration;
			buildSettings = {
				ALWAYS_SEARCH_USER_PATHS = NO;
				ASSETCATALOG_COMPILER_GENERATE_SWIFT_ASSET_SYMBOL_EXTENSIONS = YES;
				CLANG_ANALYZER_NONNULL = YES;
				CLANG_ANALYZER_NUMBER_OBJECT_CONVERSION = YES_AGGRESSIVE;
				CLANG_CXX_LANGUAGE_STANDARD = "gnu++20";
				CLANG_ENABLE_MODULES = YES;
				CLANG_ENABLE_OBJC_ARC = YES;
				CLANG_ENABLE_OBJC_WEAK = YES;
				CLANG_WARN_BLOCK_CAPTURE_AUTORELEASING = YES;
				CLANG_WARN_BOOL_CONVERSION = YES;
				CLANG_WARN_COMMA = YES;
				CLANG_WARN_CONSTANT_CONVERSION = YES;
				CLANG_WARN_DEPRECATED_OBJC_IMPLEMENTATIONS = YES;
				CLANG_WARN_DIRECT_OBJC_ISA_USAGE = YES_ERROR;
				CLANG_WARN_DOCUMENTATION_COMMENTS = YES;
				CLANG_WARN_EMPTY_BODY = YES;
				CLANG_WARN_ENUM_CONVERSION = YES;
				CLANG_WARN_INFINITE_RECURSION = YES;
				CLANG_WARN_INT_CONVERSION = YES;
				CLANG_WARN_NON_LITERAL_NULL_CONVERSION = YES;
				CLANG_WARN_OBJC_IMPLICIT_RETAIN_SELF = YES;
				CLANG_WARN_OBJC_LITERAL_CONVERSION = YES;
				CLANG_WARN_OBJC_ROOT_CLASS = YES_ERROR;
				CLANG_WARN_QUOTED_INCLUDE_IN_FRAMEWORK_HEADER = YES;
				CLANG_WARN_RANGE_LOOP_ANALYSIS = YES;
				CLANG_WARN_STRICT_PROTOTYPES = YES;
				CLANG_WARN_SUSPICIOUS_MOVE = YES;
				CLANG_WARN_UNGUARDED_AVAILABILITY = YES_AGGRESSIVE;
				CLANG_WARN_UNREACHABLE_CODE = YES;
				CLANG_WARN__DUPLICATE_METHOD_MATCH = YES;
				COPY_PHASE_STRIP = NO;
				DEBUG_INFORMATION_FORMAT = dwarf;
				ENABLE_STRICT_OBJC_MSGSEND = YES;
				ENABLE_TESTABILITY = YES;
				ENABLE_USER_SCRIPT_SANDBOXING = YES;
				GCC_C_LANGUAGE_STANDARD = gnu17;
				GCC_DYNAMIC_NO_PIC = NO;
				GCC_NO_COMMON_BLOCKS = YES;
				GCC_OPTIMIZATION_LEVEL = 0;
				GCC_PREPROCESSOR_DEFINITIONS = (
					"DEBUG=1",
					"$(inherited)",
				);
				GCC_WARN_64_TO_32_BIT_CONVERSION = YES;
				GCC_WARN_ABOUT_RETURN_TYPE = YES_ERROR;
				GCC_WARN_UNDECLARED_SELECTOR = YES;
				GCC_WARN_UNINITIALIZED_AUTOS = YES_AGGRESSIVE;
				GCC_WARN_UNUSED_FUNCTION = YES;
				GCC_WARN_UNUSED_VARIABLE = YES;
				IPHONEOS_DEPLOYMENT_TARGET = 18.2;
				LOCALIZATION_PREFERS_STRING_CATALOGS = YES;
				MTL_ENABLE_DEBUG_INFO = INCLUDE_SOURCE;
				MTL_FAST_MATH = YES;
				ONLY_ACTIVE_ARCH = YES;
				SDKROOT = iphoneos;
				SWIFT_ACTIVE_COMPILATION_CONDITIONS = "DEBUG $(inherited)";
				SWIFT_OPTIMIZATION_LEVEL = "-Onone";
			};
			name = Debug;
		};
		CF54AF492D8BE007004E251D /* Release */ = {
			isa = XCBuildConfiguration;
			buildSettings = {
				ALWAYS_SEARCH_USER_PATHS = NO;
				ASSETCATALOG_COMPILER_GENERATE_SWIFT_ASSET_SYMBOL_EXTENSIONS = YES;
				CLANG_ANALYZER_NONNULL = YES;
				CLANG_ANALYZER_NUMBER_OBJECT_CONVERSION = YES_AGGRESSIVE;
				CLANG_CXX_LANGUAGE_STANDARD = "gnu++20";
				CLANG_ENABLE_MODULES = YES;
				CLANG_ENABLE_OBJC_ARC = YES;
				CLANG_ENABLE_OBJC_WEAK = YES;
				CLANG_WARN_BLOCK_CAPTURE_AUTORELEASING = YES;
				CLANG_WARN_BOOL_CONVERSION = YES;
				CLANG_WARN_COMMA = YES;
				CLANG_WARN_CONSTANT_CONVERSION = YES;
				CLANG_WARN_DEPRECATED_OBJC_IMPLEMENTATIONS = YES;
				CLANG_WARN_DIRECT_OBJC_ISA_USAGE = YES_ERROR;
				CLANG_WARN_DOCUMENTATION_COMMENTS = YES;
				CLANG_WARN_EMPTY_BODY = YES;
				CLANG_WARN_ENUM_CONVERSION = YES;
				CLANG_WARN_INFINITE_RECURSION = YES;
				CLANG_WARN_INT_CONVERSION = YES;
				CLANG_WARN_NON_LITERAL_NULL_CONVERSION = YES;
				CLANG_WARN_OBJC_IMPLICIT_RETAIN_SELF = YES;
				CLANG_WARN_OBJC_LITERAL_CONVERSION = YES;
				CLANG_WARN_OBJC_ROOT_CLASS = YES_ERROR;
				CLANG_WARN_QUOTED_INCLUDE_IN_FRAMEWORK_HEADER = YES;
				CLANG_WARN_RANGE_LOOP_ANALYSIS = YES;
				CLANG_WARN_STRICT_PROTOTYPES = YES;
				CLANG_WARN_SUSPICIOUS_MOVE = YES;
				CLANG_WARN_UNGUARDED_AVAILABILITY = YES_AGGRESSIVE;
				CLANG_WARN_UNREACHABLE_CODE = YES;
				CLANG_WARN__DUPLICATE_METHOD_MATCH = YES;
				COPY_PHASE_STRIP = NO;
				DEBUG_INFORMATION_FORMAT = "dwarf-with-dsym";
				ENABLE_NS_ASSERTIONS = NO;
				ENABLE_STRICT_OBJC_MSGSEND = YES;
				ENABLE_USER_SCRIPT_SANDBOXING = YES;
				GCC_C_LANGUAGE_STANDARD = gnu17;
				GCC_NO_COMMON_BLOCKS = YES;
				GCC_WARN_64_TO_32_BIT_CONVERSION = YES;
				GCC_WARN_ABOUT_RETURN_TYPE = YES_ERROR;
				GCC_WARN_UNDECLARED_SELECTOR = YES;
				GCC_WARN_UNINITIALIZED_AUTOS = YES_AGGRESSIVE;
				GCC_WARN_UNUSED_FUNCTION = YES;
				GCC_WARN_UNUSED_VARIABLE = YES;
				IPHONEOS_DEPLOYMENT_TARGET = 18.2;
				LOCALIZATION_PREFERS_STRING_CATALOGS = YES;
				MTL_ENABLE_DEBUG_INFO = NO;
				MTL_FAST_MATH = YES;
				SDKROOT = iphoneos;
				SWIFT_COMPILATION_MODE = wholemodule;
				VALIDATE_PRODUCT = YES;
			};
			name = Release;
		};
/* End XCBuildConfiguration section */

/* Begin XCConfigurationList section */
		CF54AF2D2D8BE004004E251D /* Build configuration list for PBXProject "JSONParcingTest" */ = {
			isa = XCConfigurationList;
			buildConfigurations = (
				CF54AF482D8BE007004E251D /* Debug */,
				CF54AF492D8BE007004E251D /* Release */,
			);
			defaultConfigurationIsVisible = 0;
			defaultConfigurationName = Release;
		};
		CF54AF452D8BE007004E251D /* Build configuration list for PBXNativeTarget "JSONParcingTest" */ = {
			isa = XCConfigurationList;
			buildConfigurations = (
				CF54AF462D8BE007004E251D /* Debug */,
				CF54AF472D8BE007004E251D /* Release */,
			);
			defaultConfigurationIsVisible = 0;
			defaultConfigurationName = Release;
		};
/* End XCConfigurationList section */

/* Begin XCRemoteSwiftPackageReference section */
		CF54AF582D8BE095004E251D /* XCRemoteSwiftPackageReference "SwiftyJSON" */ = {
			isa = XCRemoteSwiftPackageReference;
			repositoryURL = "https://github.com/SwiftyJSON/SwiftyJSON.git";
			requirement = {
				kind = upToNextMajorVersion;
				minimumVersion = 5.0.2;
			};
		};
/* End XCRemoteSwiftPackageReference section */

/* Begin XCSwiftPackageProductDependency section */
		CF54AF592D8BE095004E251D /* SwiftyJSON */ = {
			isa = XCSwiftPackageProductDependency;
			package = CF54AF582D8BE095004E251D /* XCRemoteSwiftPackageReference "SwiftyJSON" */;
			productName = SwiftyJSON;
		};
/* End XCSwiftPackageProductDependency section */
	};
	rootObject = CF54AF2A2D8BE004004E251D /* Project object */;
}
